
Microsoft Visual Studio Solution File, Format Version 12.00
# Visual Studio Version 16
VisualStudioVersion = 16.0.31624.102
MinimumVisualStudioVersion = 10.0.40219.1
Project("{2150E333-8FDC-42A3-9474-1A3956D46DE8}") = "Infrastructure", "Infrastructure", "{A69129D2-3CCB-4AD1-B66F-053D9F70BA3D}"
EndProject
Project("{2150E333-8FDC-42A3-9474-1A3956D46DE8}") = "Services", "Services", "{1AC6E4CA-3301-4CD8-A293-437D918B0E64}"
EndProject
Project("{2150E333-8FDC-42A3-9474-1A3956D46DE8}") = "Article", "Article", "{F9010480-74B0-4047-BEA8-6DD351105195}"
EndProject
Project("{2150E333-8FDC-42A3-9474-1A3956D46DE8}") = "Review", "Review", "{377F46A2-F920-4017-AD08-696F85DF726C}"
EndProject
Project("{2150E333-8FDC-42A3-9474-1A3956D46DE8}") = "Src", "Src", "{3E295ECE-9264-4A7E-B9D4-2443D8C0D959}"
EndProject
Project("{2150E333-8FDC-42A3-9474-1A3956D46DE8}") = "Src", "Src", "{ABD52290-6261-48BF-AA7B-C52BED9C46CE}"
EndProject
Project("{9A19103F-16F7-4668-BE54-9A1E7A4F7556}") = "ArticleService.Infrastructure", "Services\Article\Src\ArticleService.Infrastructure\ArticleService.Infrastructure.csproj", "{1FEDB2AB-A707-4BDE-A291-1D5185F1AE11}"
EndProject
Project("{9A19103F-16F7-4668-BE54-9A1E7A4F7556}") = "ArticleService.Domain", "Services\Article\Src\ArticleService.Domain\ArticleService.Domain.csproj", "{1321066A-3983-4D39-80DC-0E1473978EDA}"
EndProject
Project("{9A19103F-16F7-4668-BE54-9A1E7A4F7556}") = "ArticleService.Application", "Services\Article\Src\ArticleService.Application\ArticleService.Application.csproj", "{9F38FA65-D2DA-441A-974F-1949B30B1554}"
EndProject
Project("{9A19103F-16F7-4668-BE54-9A1E7A4F7556}") = "ArticleService.Abstraction", "Services\Article\Src\ArticleService.Abstraction\ArticleService.Abstraction.csproj", "{E82E646D-79D5-45BF-8ED4-86428B3A6E37}"
EndProject
Project("{9A19103F-16F7-4668-BE54-9A1E7A4F7556}") = "ReviewService.Abstraction", "Services\Review\Src\ReviewService.Abstraction\ReviewService.Abstraction.csproj", "{03797C5D-2214-4894-A0E7-5D8E82CF7894}"
EndProject
Project("{9A19103F-16F7-4668-BE54-9A1E7A4F7556}") = "ReviewService.Application", "Services\Review\Src\ReviewService.Application\ReviewService.Application.csproj", "{0B60A039-F43F-4268-889A-0F20417A3BDE}"
EndProject
Project("{9A19103F-16F7-4668-BE54-9A1E7A4F7556}") = "ReviewService.Domain", "Services\Review\Src\ReviewService.Domain\ReviewService.Domain.csproj", "{B4A565C7-BE68-4AC3-A16D-85791C770FCD}"
EndProject
Project("{9A19103F-16F7-4668-BE54-9A1E7A4F7556}") = "ReviewService.Infrastructure", "Services\Review\Src\ReviewService.Infrastructure\ReviewService.Infrastructure.csproj", "{9CD57757-E04C-45B6-82B8-BDEA10500A73}"
EndProject
Project("{9A19103F-16F7-4668-BE54-9A1E7A4F7556}") = "Data", "Infrastructure\Data\Data.csproj", "{F90FB03B-4F0A-4392-A4F5-638057A47094}"
EndProject
Project("{9A19103F-16F7-4668-BE54-9A1E7A4F7556}") = "ApiBase", "Infrastructure\ApiBase\ApiBase.csproj", "{1F01E79A-1301-4D69-9692-B85A1D8E091A}"
EndProject
Project("{9A19103F-16F7-4668-BE54-9A1E7A4F7556}") = "ArticleService.Api", "Services\Article\Src\ArticleService.Api\ArticleService.Api.csproj", "{69DF5470-2E5F-47B0-8BEB-11542473B515}"
EndProject
Project("{FAE04EC0-301F-11D3-BF4B-00C04F79EFBC}") = "ReviewService.Api", "Services\Review\Src\ReviewService.Api\ReviewService.Api.csproj", "{5EC6BC7D-5F38-418C-AB0B-FE09BA2C034B}"
EndProject
Project("{FAE04EC0-301F-11D3-BF4B-00C04F79EFBC}") = "Abstraction", "Infrastructure\Abstraction\Abstraction.csproj", "{51F8DA6F-753C-4821-91BB-9580E273CC07}"
EndProject
Project("{FAE04EC0-301F-11D3-BF4B-00C04F79EFBC}") = "ArticleService.Test", "Services\Article\Src\ArticleService.Test\ArticleService.Test.csproj", "{B027EEAC-DC20-4693-8A74-09D01F58A73F}"
EndProject
Project("{FAE04EC0-301F-11D3-BF4B-00C04F79EFBC}") = "ReviewService.Test", "Services\Review\Src\ReviewService.Test\ReviewService.Test.csproj", "{DAAE60A6-C777-4A39-BDE7-5C60FF63E8A7}"
EndProject
Project("{FAE04EC0-301F-11D3-BF4B-00C04F79EFBC}") = "TestBase", "Infrastructure\TestBase\TestBase.csproj", "{1DC7E6C0-E1F9-47DA-A3C5-EF033188ABAA}"
EndProject
Global
	GlobalSection(SolutionConfigurationPlatforms) = preSolution
		Debug|Any CPU = Debug|Any CPU
		Release|Any CPU = Release|Any CPU
	EndGlobalSection
	GlobalSection(ProjectConfigurationPlatforms) = postSolution
		{1FEDB2AB-A707-4BDE-A291-1D5185F1AE11}.Debug|Any CPU.ActiveCfg = Debug|Any CPU
		{1FEDB2AB-A707-4BDE-A291-1D5185F1AE11}.Debug|Any CPU.Build.0 = Debug|Any CPU
		{1FEDB2AB-A707-4BDE-A291-1D5185F1AE11}.Release|Any CPU.ActiveCfg = Release|Any CPU
		{1FEDB2AB-A707-4BDE-A291-1D5185F1AE11}.Release|Any CPU.Build.0 = Release|Any CPU
		{1321066A-3983-4D39-80DC-0E1473978EDA}.Debug|Any CPU.ActiveCfg = Debug|Any CPU
		{1321066A-3983-4D39-80DC-0E1473978EDA}.Debug|Any CPU.Build.0 = Debug|Any CPU
		{1321066A-3983-4D39-80DC-0E1473978EDA}.Release|Any CPU.ActiveCfg = Release|Any CPU
		{1321066A-3983-4D39-80DC-0E1473978EDA}.Release|Any CPU.Build.0 = Release|Any CPU
		{9F38FA65-D2DA-441A-974F-1949B30B1554}.Debug|Any CPU.ActiveCfg = Debug|Any CPU
		{9F38FA65-D2DA-441A-974F-1949B30B1554}.Debug|Any CPU.Build.0 = Debug|Any CPU
		{9F38FA65-D2DA-441A-974F-1949B30B1554}.Release|Any CPU.ActiveCfg = Release|Any CPU
		{9F38FA65-D2DA-441A-974F-1949B30B1554}.Release|Any CPU.Build.0 = Release|Any CPU
		{E82E646D-79D5-45BF-8ED4-86428B3A6E37}.Debug|Any CPU.ActiveCfg = Debug|Any CPU
		{E82E646D-79D5-45BF-8ED4-86428B3A6E37}.Debug|Any CPU.Build.0 = Debug|Any CPU
		{E82E646D-79D5-45BF-8ED4-86428B3A6E37}.Release|Any CPU.ActiveCfg = Release|Any CPU
		{E82E646D-79D5-45BF-8ED4-86428B3A6E37}.Release|Any CPU.Build.0 = Release|Any CPU
		{03797C5D-2214-4894-A0E7-5D8E82CF7894}.Debug|Any CPU.ActiveCfg = Debug|Any CPU
		{03797C5D-2214-4894-A0E7-5D8E82CF7894}.Debug|Any CPU.Build.0 = Debug|Any CPU
		{03797C5D-2214-4894-A0E7-5D8E82CF7894}.Release|Any CPU.ActiveCfg = Release|Any CPU
		{03797C5D-2214-4894-A0E7-5D8E82CF7894}.Release|Any CPU.Build.0 = Release|Any CPU
		{0B60A039-F43F-4268-889A-0F20417A3BDE}.Debug|Any CPU.ActiveCfg = Debug|Any CPU
		{0B60A039-F43F-4268-889A-0F20417A3BDE}.Debug|Any CPU.Build.0 = Debug|Any CPU
		{0B60A039-F43F-4268-889A-0F20417A3BDE}.Release|Any CPU.ActiveCfg = Release|Any CPU
		{0B60A039-F43F-4268-889A-0F20417A3BDE}.Release|Any CPU.Build.0 = Release|Any CPU
		{B4A565C7-BE68-4AC3-A16D-85791C770FCD}.Debug|Any CPU.ActiveCfg = Debug|Any CPU
		{B4A565C7-BE68-4AC3-A16D-85791C770FCD}.Debug|Any CPU.Build.0 = Debug|Any CPU
		{B4A565C7-BE68-4AC3-A16D-85791C770FCD}.Release|Any CPU.ActiveCfg = Release|Any CPU
		{B4A565C7-BE68-4AC3-A16D-85791C770FCD}.Release|Any CPU.Build.0 = Release|Any CPU
		{9CD57757-E04C-45B6-82B8-BDEA10500A73}.Debug|Any CPU.ActiveCfg = Debug|Any CPU
		{9CD57757-E04C-45B6-82B8-BDEA10500A73}.Debug|Any CPU.Build.0 = Debug|Any CPU
		{9CD57757-E04C-45B6-82B8-BDEA10500A73}.Release|Any CPU.ActiveCfg = Release|Any CPU
		{9CD57757-E04C-45B6-82B8-BDEA10500A73}.Release|Any CPU.Build.0 = Release|Any CPU
		{F90FB03B-4F0A-4392-A4F5-638057A47094}.Debug|Any CPU.ActiveCfg = Debug|Any CPU
		{F90FB03B-4F0A-4392-A4F5-638057A47094}.Debug|Any CPU.Build.0 = Debug|Any CPU
		{F90FB03B-4F0A-4392-A4F5-638057A47094}.Release|Any CPU.ActiveCfg = Release|Any CPU
		{F90FB03B-4F0A-4392-A4F5-638057A47094}.Release|Any CPU.Build.0 = Release|Any CPU
		{1F01E79A-1301-4D69-9692-B85A1D8E091A}.Debug|Any CPU.ActiveCfg = Debug|Any CPU
		{1F01E79A-1301-4D69-9692-B85A1D8E091A}.Debug|Any CPU.Build.0 = Debug|Any CPU
		{1F01E79A-1301-4D69-9692-B85A1D8E091A}.Release|Any CPU.ActiveCfg = Release|Any CPU
		{1F01E79A-1301-4D69-9692-B85A1D8E091A}.Release|Any CPU.Build.0 = Release|Any CPU
		{69DF5470-2E5F-47B0-8BEB-11542473B515}.Debug|Any CPU.ActiveCfg = Debug|Any CPU
		{69DF5470-2E5F-47B0-8BEB-11542473B515}.Debug|Any CPU.Build.0 = Debug|Any CPU
		{69DF5470-2E5F-47B0-8BEB-11542473B515}.Release|Any CPU.ActiveCfg = Release|Any CPU
		{69DF5470-2E5F-47B0-8BEB-11542473B515}.Release|Any CPU.Build.0 = Release|Any CPU
		{5EC6BC7D-5F38-418C-AB0B-FE09BA2C034B}.Debug|Any CPU.ActiveCfg = Debug|Any CPU
		{5EC6BC7D-5F38-418C-AB0B-FE09BA2C034B}.Debug|Any CPU.Build.0 = Debug|Any CPU
		{5EC6BC7D-5F38-418C-AB0B-FE09BA2C034B}.Release|Any CPU.ActiveCfg = Release|Any CPU
		{5EC6BC7D-5F38-418C-AB0B-FE09BA2C034B}.Release|Any CPU.Build.0 = Release|Any CPU
		{51F8DA6F-753C-4821-91BB-9580E273CC07}.Debug|Any CPU.ActiveCfg = Debug|Any CPU
		{51F8DA6F-753C-4821-91BB-9580E273CC07}.Debug|Any CPU.Build.0 = Debug|Any CPU
		{51F8DA6F-753C-4821-91BB-9580E273CC07}.Release|Any CPU.ActiveCfg = Release|Any CPU
		{51F8DA6F-753C-4821-91BB-9580E273CC07}.Release|Any CPU.Build.0 = Release|Any CPU
		{B027EEAC-DC20-4693-8A74-09D01F58A73F}.Debug|Any CPU.ActiveCfg = Debug|Any CPU
		{B027EEAC-DC20-4693-8A74-09D01F58A73F}.Debug|Any CPU.Build.0 = Debug|Any CPU
		{B027EEAC-DC20-4693-8A74-09D01F58A73F}.Release|Any CPU.ActiveCfg = Release|Any CPU
		{B027EEAC-DC20-4693-8A74-09D01F58A73F}.Release|Any CPU.Build.0 = Release|Any CPU
		{DAAE60A6-C777-4A39-BDE7-5C60FF63E8A7}.Debug|Any CPU.ActiveCfg = Debug|Any CPU
		{DAAE60A6-C777-4A39-BDE7-5C60FF63E8A7}.Debug|Any CPU.Build.0 = Debug|Any CPU
		{DAAE60A6-C777-4A39-BDE7-5C60FF63E8A7}.Release|Any CPU.ActiveCfg = Release|Any CPU
		{DAAE60A6-C777-4A39-BDE7-5C60FF63E8A7}.Release|Any CPU.Build.0 = Release|Any CPU
		{1DC7E6C0-E1F9-47DA-A3C5-EF033188ABAA}.Debug|Any CPU.ActiveCfg = Debug|Any CPU
		{1DC7E6C0-E1F9-47DA-A3C5-EF033188ABAA}.Debug|Any CPU.Build.0 = Debug|Any CPU
		{1DC7E6C0-E1F9-47DA-A3C5-EF033188ABAA}.Release|Any CPU.ActiveCfg = Release|Any CPU
		{1DC7E6C0-E1F9-47DA-A3C5-EF033188ABAA}.Release|Any CPU.Build.0 = Release|Any CPU
	EndGlobalSection
	GlobalSection(SolutionProperties) = preSolution
		HideSolutionNode = FALSE
	EndGlobalSection
	GlobalSection(NestedProjects) = preSolution
		{F9010480-74B0-4047-BEA8-6DD351105195} = {1AC6E4CA-3301-4CD8-A293-437D918B0E64}
		{377F46A2-F920-4017-AD08-696F85DF726C} = {1AC6E4CA-3301-4CD8-A293-437D918B0E64}
		{3E295ECE-9264-4A7E-B9D4-2443D8C0D959} = {377F46A2-F920-4017-AD08-696F85DF726C}
		{ABD52290-6261-48BF-AA7B-C52BED9C46CE} = {F9010480-74B0-4047-BEA8-6DD351105195}
		{1FEDB2AB-A707-4BDE-A291-1D5185F1AE11} = {ABD52290-6261-48BF-AA7B-C52BED9C46CE}
		{1321066A-3983-4D39-80DC-0E1473978EDA} = {ABD52290-6261-48BF-AA7B-C52BED9C46CE}
		{9F38FA65-D2DA-441A-974F-1949B30B1554} = {ABD52290-6261-48BF-AA7B-C52BED9C46CE}
		{E82E646D-79D5-45BF-8ED4-86428B3A6E37} = {ABD52290-6261-48BF-AA7B-C52BED9C46CE}
		{03797C5D-2214-4894-A0E7-5D8E82CF7894} = {3E295ECE-9264-4A7E-B9D4-2443D8C0D959}
		{0B60A039-F43F-4268-889A-0F20417A3BDE} = {3E295ECE-9264-4A7E-B9D4-2443D8C0D959}
		{B4A565C7-BE68-4AC3-A16D-85791C770FCD} = {3E295ECE-9264-4A7E-B9D4-2443D8C0D959}
		{9CD57757-E04C-45B6-82B8-BDEA10500A73} = {3E295ECE-9264-4A7E-B9D4-2443D8C0D959}
		{F90FB03B-4F0A-4392-A4F5-638057A47094} = {A69129D2-3CCB-4AD1-B66F-053D9F70BA3D}
		{1F01E79A-1301-4D69-9692-B85A1D8E091A} = {A69129D2-3CCB-4AD1-B66F-053D9F70BA3D}
		{69DF5470-2E5F-47B0-8BEB-11542473B515} = {ABD52290-6261-48BF-AA7B-C52BED9C46CE}
		{5EC6BC7D-5F38-418C-AB0B-FE09BA2C034B} = {3E295ECE-9264-4A7E-B9D4-2443D8C0D959}
		{51F8DA6F-753C-4821-91BB-9580E273CC07} = {A69129D2-3CCB-4AD1-B66F-053D9F70BA3D}
		{B027EEAC-DC20-4693-8A74-09D01F58A73F} = {ABD52290-6261-48BF-AA7B-C52BED9C46CE}
		{DAAE60A6-C777-4A39-BDE7-5C60FF63E8A7} = {3E295ECE-9264-4A7E-B9D4-2443D8C0D959}
		{1DC7E6C0-E1F9-47DA-A3C5-EF033188ABAA} = {A69129D2-3CCB-4AD1-B66F-053D9F70BA3D}
	EndGlobalSection
	GlobalSection(ExtensibilityGlobals) = postSolution
		SolutionGuid = {C11B2207-01D8-4D1C-BB34-5977546A6891}
	EndGlobalSection
EndGlobal
